// !$*UTF8*$!
{
	archiveVersion = 1;
	classes = {
	};
	objectVersion = 77;
	objects = {

/* Begin PBXBuildFile section */
		226BD9BF2EFB3A8D00561D39 /* EneyLocal in Frameworks */ = {isa = PBXBuildFile; productRef = 226BD9BE2EFB3A8D00561D39 /* EneyLocal */; };
		226BD9C12EFB3A8D00561D39 /* EneyLocalDebug in Frameworks */ = {isa = PBXBuildFile; productRef = 226BD9C02EFB3A8D00561D39 /* EneyLocalDebug */; };
/* End PBXBuildFile section */

/* Begin PBXContainerItemProxy section */
		226BD9A12EFB396600561D39 /* PBXContainerItemProxy */ = {
			isa = PBXContainerItemProxy;
			containerPortal = 226BD98B2EFB396500561D39 /* Project object */;
			proxyType = 1;
			remoteGlobalIDString = 226BD9922EFB396500561D39;
			remoteInfo = ElixChat;
		};
		226BD9AB2EFB396600561D39 /* PBXContainerItemProxy */ = {
			isa = PBXContainerItemProxy;
			containerPortal = 226BD98B2EFB396500561D39 /* Project object */;
			proxyType = 1;
			remoteGlobalIDString = 226BD9922EFB396500561D39;
			remoteInfo = ElixChat;
		};
/* End PBXContainerItemProxy section */

/* Begin PBXFileReference section */
		226BD9932EFB396500561D39 /* ElixChat.app */ = {isa = PBXFileReference; explicitFileType = wrapper.application; includeInIndex = 0; path = ElixChat.app; sourceTree = BUILT_PRODUCTS_DIR; };
		226BD9A02EFB396600561D39 /* ElixChatTests.xctest */ = {isa = PBXFileReference; explicitFileType = wrapper.cfbundle; includeInIndex = 0; path = ElixChatTests.xctest; sourceTree = BUILT_PRODUCTS_DIR; };
		226BD9AA2EFB396600561D39 /* ElixChatUITests.xctest */ = {isa = PBXFileReference; explicitFileType = wrapper.cfbundle; includeInIndex = 0; path = ElixChatUITests.xctest; sourceTree = BUILT_PRODUCTS_DIR; };
/* End PBXFileReference section */

/* Begin PBXFileSystemSynchronizedRootGroup section */
		226BD9952EFB396500561D39 /* ElixChat */ = {
			isa = PBXFileSystemSynchronizedRootGroup;
			path = ElixChat;
			sourceTree = "<group>";
		};
		226BD9A32EFB396600561D39 /* ElixChatTests */ = {
			isa = PBXFileSystemSynchronizedRootGroup;
			path = ElixChatTests;
			sourceTree = "<group>";
		};
		226BD9AD2EFB396600561D39 /* ElixChatUITests */ = {
			isa = PBXFileSystemSynchronizedRootGroup;
			path = ElixChatUITests;
			sourceTree = "<group>";
		};
/* End PBXFileSystemSynchronizedRootGroup section */

/* Begin PBXFrameworksBuildPhase section */
		226BD9902EFB396500561D39 /* Frameworks */ = {
			isa = PBXFrameworksBuildPhase;
			buildActionMask = 2147483647;
			files = (
				226BD9BF2EFB3A8D00561D39 /* EneyLocal in Frameworks */,
				226BD9C12EFB3A8D00561D39 /* EneyLocalDebug in Frameworks */,
			);
			runOnlyForDeploymentPostprocessing = 0;
		};
		226BD99D2EFB396600561D39 /* Frameworks */ = {
			isa = PBXFrameworksBuildPhase;
			buildActionMask = 2147483647;
			files = (
			);
			runOnlyForDeploymentPostprocessing = 0;
		};
		226BD9A72EFB396600561D39 /* Frameworks */ = {
			isa = PBXFrameworksBuildPhase;
			buildActionMask = 2147483647;
			files = (
			);
			runOnlyForDeploymentPostprocessing = 0;
		};
/* End PBXFrameworksBuildPhase section */

/* Begin PBXGroup section */
		226BD98A2EFB396500561D39 = {
			isa = PBXGroup;
			children = (
				226BD9952EFB396500561D39 /* ElixChat */,
				226BD9A32EFB396600561D39 /* ElixChatTests */,
				226BD9AD2EFB396600561D39 /* ElixChatUITests */,
				226BD9942EFB396500561D39 /* Products */,
			);
			sourceTree = "<group>";
		};
		226BD9942EFB396500561D39 /* Products */ = {
			isa = PBXGroup;
			children = (
				226BD9932EFB396500561D39 /* ElixChat.app */,
				226BD9A02EFB396600561D39 /* ElixChatTests.xctest */,
				226BD9AA2EFB396600561D39 /* ElixChatUITests.xctest */,
			);
			name = Products;
			sourceTree = "<group>";
		};
/* End PBXGroup section */

/* Begin PBXNativeTarget section */
		226BD9922EFB396500561D39 /* ElixChat */ = {
			isa = PBXNativeTarget;
			buildConfigurationList = 226BD9B42EFB396600561D39 /* Build configuration list for PBXNativeTarget "ElixChat" */;
			buildPhases = (
				226BD98F2EFB396500561D39 /* Sources */,
				226BD9902EFB396500561D39 /* Frameworks */,
				226BD9912EFB396500561D39 /* Resources */,
			);
			buildRules = (
			);
			dependencies = (
			);
			fileSystemSynchronizedGroups = (
				226BD9952EFB396500561D39 /* ElixChat */,
			);
			name = ElixChat;
			packageProductDependencies = (
				226BD9BE2EFB3A8D00561D39 /* EneyLocal */,
				226BD9C02EFB3A8D00561D39 /* EneyLocalDebug */,
			);
			productName = ElixChat;
			productReference = 226BD9932EFB396500561D39 /* ElixChat.app */;
			productType = "com.apple.product-type.application";
		};
		226BD99F2EFB396600561D39 /* ElixChatTests */ = {
			isa = PBXNativeTarget;
			buildConfigurationList = 226BD9B72EFB396600561D39 /* Build configuration list for PBXNativeTarget "ElixChatTests" */;
			buildPhases = (
				226BD99C2EFB396600561D39 /* Sources */,
				226BD99D2EFB396600561D39 /* Frameworks */,
				226BD99E2EFB396600561D39 /* Resources */,
			);
			buildRules = (
			);
			dependencies = (
				226BD9A22EFB396600561D39 /* PBXTargetDependency */,
			);
			fileSystemSynchronizedGroups = (
				226BD9A32EFB396600561D39 /* ElixChatTests */,
			);
			name = ElixChatTests;
			packageProductDependencies = (
			);
			productName = ElixChatTests;
			productReference = 226BD9A02EFB396600561D39 /* ElixChatTests.xctest */;
			productType = "com.apple.product-type.bundle.unit-test";
		};
		226BD9A92EFB396600561D39 /* ElixChatUITests */ = {
			isa = PBXNativeTarget;
			buildConfigurationList = 226BD9BA2EFB396600561D39 /* Build configuration list for PBXNativeTarget "ElixChatUITests" */;
			buildPhases = (
				226BD9A62EFB396600561D39 /* Sources */,
				226BD9A72EFB396600561D39 /* Frameworks */,
				226BD9A82EFB396600561D39 /* Resources */,
			);
			buildRules = (
			);
			dependencies = (
				226BD9AC2EFB396600561D39 /* PBXTargetDependency */,
			);
			fileSystemSynchronizedGroups = (
				226BD9AD2EFB396600561D39 /* ElixChatUITests */,
			);
			name = ElixChatUITests;
			packageProductDependencies = (
			);
			productName = ElixChatUITests;
			productReference = 226BD9AA2EFB396600561D39 /* ElixChatUITests.xctest */;
			productType = "com.apple.product-type.bundle.ui-testing";
		};
/* End PBXNativeTarget section */

/* Begin PBXProject section */
		226BD98B2EFB396500561D39 /* Project object */ = {
			isa = PBXProject;
			attributes = {
				BuildIndependentTargetsInParallel = 1;
				LastSwiftUpdateCheck = 2620;
				LastUpgradeCheck = 2620;
				TargetAttributes = {
					226BD9922EFB396500561D39 = {
						CreatedOnToolsVersion = 26.2;
					};
					226BD99F2EFB396600561D39 = {
						CreatedOnToolsVersion = 26.2;
						TestTargetID = 226BD9922EFB396500561D39;
					};
					226BD9A92EFB396600561D39 = {
						CreatedOnToolsVersion = 26.2;
						TestTargetID = 226BD9922EFB396500561D39;
					};
				};
			};
			buildConfigurationList = 226BD98E2EFB396500561D39 /* Build configuration list for PBXProject "ElixChat" */;
			developmentRegion = en;
			hasScannedForEncodings = 0;
			knownRegions = (
				en,
				Base,
			);
			mainGroup = 226BD98A2EFB396500561D39;
			minimizedProjectReferenceProxies = 1;
			packageReferences = (
				226BD9BD2EFB3A8D00561D39 /* XCRemoteSwiftPackageReference "o10r-assistant-local-agent" */,
			);
			preferredProjectObjectVersion = 77;
			productRefGroup = 226BD9942EFB396500561D39 /* Products */;
			projectDirPath = "";
			projectRoot = "";
			targets = (
				226BD9922EFB396500561D39 /* ElixChat */,
				226BD99F2EFB396600561D39 /* ElixChatTests */,
				226BD9A92EFB396600561D39 /* ElixChatUITests */,
			);
		};
/* End PBXProject section */

/* Begin PBXResourcesBuildPhase section */
		226BD9912EFB396500561D39 /* Resources */ = {
			isa = PBXResourcesBuildPhase;
			buildActionMask = 2147483647;
			files = (
			);
			runOnlyForDeploymentPostprocessing = 0;
		};
		226BD99E2EFB396600561D39 /* Resources */ = {
			isa = PBXResourcesBuildPhase;
			buildActionMask = 2147483647;
			files = (
			);
			runOnlyForDeploymentPostprocessing = 0;
		};
		226BD9A82EFB396600561D39 /* Resources */ = {
			isa = PBXResourcesBuildPhase;
			buildActionMask = 2147483647;
			files = (
			);
			runOnlyForDeploymentPostprocessing = 0;
		};
/* End PBXResourcesBuildPhase section */

/* Begin PBXSourcesBuildPhase section */
		226BD98F2EFB396500561D39 /* Sources */ = {
			isa = PBXSourcesBuildPhase;
			buildActionMask = 2147483647;
			files = (
			);
			runOnlyForDeploymentPostprocessing = 0;
		};
		226BD99C2EFB396600561D39 /* Sources */ = {
			isa = PBXSourcesBuildPhase;
			buildActionMask = 2147483647;
			files = (
			);
			runOnlyForDeploymentPostprocessing = 0;
		};
		226BD9A62EFB396600561D39 /* Sources */ = {
			isa = PBXSourcesBuildPhase;
			buildActionMask = 2147483647;
			files = (
			);
			runOnlyForDeploymentPostprocessing = 0;
		};
/* End PBXSourcesBuildPhase section */

/* Begin PBXTargetDependency section */
		226BD9A22EFB396600561D39 /* PBXTargetDependency */ = {
			isa = PBXTargetDependency;
			target = 226BD9922EFB396500561D39 /* ElixChat */;
			targetProxy = 226BD9A12EFB396600561D39 /* PBXContainerItemProxy */;
		};
		226BD9AC2EFB396600561D39 /* PBXTargetDependency */ = {
			isa = PBXTargetDependency;
			target = 226BD9922EFB396500561D39 /* ElixChat */;
			targetProxy = 226BD9AB2EFB396600561D39 /* PBXContainerItemProxy */;
		};
/* End PBXTargetDependency section */

/* Begin XCBuildConfiguration section */
		226BD9B22EFB396600561D39 /* Debug */ = {
			isa = XCBuildConfiguration;
			buildSettings = {
				ALWAYS_SEARCH_USER_PATHS = NO;
				ASSETCATALOG_COMPILER_GENERATE_SWIFT_ASSET_SYMBOL_EXTENSIONS = YES;
				CLANG_ANALYZER_NONNULL = YES;
				CLANG_ANALYZER_NUMBER_OBJECT_CONVERSION = YES_AGGRESSIVE;
				CLANG_CXX_LANGUAGE_STANDARD = "gnu++20";
				CLANG_ENABLE_MODULES = YES;
				CLANG_ENABLE_OBJC_ARC = YES;
				CLANG_ENABLE_OBJC_WEAK = YES;
				CLANG_WARN_BLOCK_CAPTURE_AUTORELEASING = YES;
				CLANG_WARN_BOOL_CONVERSION = YES;
				CLANG_WARN_COMMA = YES;
				CLANG_WARN_CONSTANT_CONVERSION = YES;
				CLANG_WARN_DEPRECATED_OBJC_IMPLEMENTATIONS = YES;
				CLANG_WARN_DIRECT_OBJC_ISA_USAGE = YES_ERROR;
				CLANG_WARN_DOCUMENTATION_COMMENTS = YES;
				CLANG_WARN_EMPTY_BODY = YES;
				CLANG_WARN_ENUM_CONVERSION = YES;
				CLANG_WARN_INFINITE_RECURSION = YES;
				CLANG_WARN_INT_CONVERSION = YES;
				CLANG_WARN_NON_LITERAL_NULL_CONVERSION = YES;
				CLANG_WARN_OBJC_IMPLICIT_RETAIN_SELF = YES;
				CLANG_WARN_OBJC_LITERAL_CONVERSION = YES;
				CLANG_WARN_OBJC_ROOT_CLASS = YES_ERROR;
				CLANG_WARN_QUOTED_INCLUDE_IN_FRAMEWORK_HEADER = YES;
				CLANG_WARN_RANGE_LOOP_ANALYSIS = YES;
				CLANG_WARN_STRICT_PROTOTYPES = YES;
				CLANG_WARN_SUSPICIOUS_MOVE = YES;
				CLANG_WARN_UNGUARDED_AVAILABILITY = YES_AGGRESSIVE;
				CLANG_WARN_UNREACHABLE_CODE = YES;
				CLANG_WARN__DUPLICATE_METHOD_MATCH = YES;
				COPY_PHASE_STRIP = NO;
				DEBUG_INFORMATION_FORMAT = dwarf;
				DEVELOPMENT_TEAM = 25A599G46B;
				ENABLE_STRICT_OBJC_MSGSEND = YES;
				ENABLE_TESTABILITY = YES;
				ENABLE_USER_SCRIPT_SANDBOXING = YES;
				GCC_C_LANGUAGE_STANDARD = gnu17;
				GCC_DYNAMIC_NO_PIC = NO;
				GCC_NO_COMMON_BLOCKS = YES;
				GCC_OPTIMIZATION_LEVEL = 0;
				GCC_PREPROCESSOR_DEFINITIONS = (
					"DEBUG=1",
					"$(inherited)",
				);
				GCC_WARN_64_TO_32_BIT_CONVERSION = YES;
				GCC_WARN_ABOUT_RETURN_TYPE = YES_ERROR;
				GCC_WARN_UNDECLARED_SELECTOR = YES;
				GCC_WARN_UNINITIALIZED_AUTOS = YES_AGGRESSIVE;
				GCC_WARN_UNUSED_FUNCTION = YES;
				GCC_WARN_UNUSED_VARIABLE = YES;
				LOCALIZATION_PREFERS_STRING_CATALOGS = YES;
				MACOSX_DEPLOYMENT_TARGET = 26.2;
				MTL_ENABLE_DEBUG_INFO = INCLUDE_SOURCE;
				MTL_FAST_MATH = YES;
				ONLY_ACTIVE_ARCH = YES;
				SDKROOT = macosx;
				SWIFT_ACTIVE_COMPILATION_CONDITIONS = "DEBUG $(inherited)";
				SWIFT_OPTIMIZATION_LEVEL = "-Onone";
			};
			name = Debug;
		};
		226BD9B32EFB396600561D39 /* Release */ = {
			isa = XCBuildConfiguration;
			buildSettings = {
				ALWAYS_SEARCH_USER_PATHS = NO;
				ASSETCATALOG_COMPILER_GENERATE_SWIFT_ASSET_SYMBOL_EXTENSIONS = YES;
				CLANG_ANALYZER_NONNULL = YES;
				CLANG_ANALYZER_NUMBER_OBJECT_CONVERSION = YES_AGGRESSIVE;
				CLANG_CXX_LANGUAGE_STANDARD = "gnu++20";
				CLANG_ENABLE_MODULES = YES;
				CLANG_ENABLE_OBJC_ARC = YES;
				CLANG_ENABLE_OBJC_WEAK = YES;
				CLANG_WARN_BLOCK_CAPTURE_AUTORELEASING = YES;
				CLANG_WARN_BOOL_CONVERSION = YES;
				CLANG_WARN_COMMA = YES;
				CLANG_WARN_CONSTANT_CONVERSION = YES;
				CLANG_WARN_DEPRECATED_OBJC_IMPLEMENTATIONS = YES;
				CLANG_WARN_DIRECT_OBJC_ISA_USAGE = YES_ERROR;
				CLANG_WARN_DOCUMENTATION_COMMENTS = YES;
				CLANG_WARN_EMPTY_BODY = YES;
				CLANG_WARN_ENUM_CONVERSION = YES;
				CLANG_WARN_INFINITE_RECURSION = YES;
				CLANG_WARN_INT_CONVERSION = YES;
				CLANG_WARN_NON_LITERAL_NULL_CONVERSION = YES;
				CLANG_WARN_OBJC_IMPLICIT_RETAIN_SELF = YES;
				CLANG_WARN_OBJC_LITERAL_CONVERSION = YES;
				CLANG_WARN_OBJC_ROOT_CLASS = YES_ERROR;
				CLANG_WARN_QUOTED_INCLUDE_IN_FRAMEWORK_HEADER = YES;
				CLANG_WARN_RANGE_LOOP_ANALYSIS = YES;
				CLANG_WARN_STRICT_PROTOTYPES = YES;
				CLANG_WARN_SUSPICIOUS_MOVE = YES;
				CLANG_WARN_UNGUARDED_AVAILABILITY = YES_AGGRESSIVE;
				CLANG_WARN_UNREACHABLE_CODE = YES;
				CLANG_WARN__DUPLICATE_METHOD_MATCH = YES;
				COPY_PHASE_STRIP = NO;
				DEBUG_INFORMATION_FORMAT = "dwarf-with-dsym";
				DEVELOPMENT_TEAM = 25A599G46B;
				ENABLE_NS_ASSERTIONS = NO;
				ENABLE_STRICT_OBJC_MSGSEND = YES;
				ENABLE_USER_SCRIPT_SANDBOXING = YES;
				GCC_C_LANGUAGE_STANDARD = gnu17;
				GCC_NO_COMMON_BLOCKS = YES;
				GCC_WARN_64_TO_32_BIT_CONVERSION = YES;
				GCC_WARN_ABOUT_RETURN_TYPE = YES_ERROR;
				GCC_WARN_UNDECLARED_SELECTOR = YES;
				GCC_WARN_UNINITIALIZED_AUTOS = YES_AGGRESSIVE;
				GCC_WARN_UNUSED_FUNCTION = YES;
				GCC_WARN_UNUSED_VARIABLE = YES;
				LOCALIZATION_PREFERS_STRING_CATALOGS = YES;
				MACOSX_DEPLOYMENT_TARGET = 26.2;
				MTL_ENABLE_DEBUG_INFO = NO;
				MTL_FAST_MATH = YES;
				SDKROOT = macosx;
				SWIFT_COMPILATION_MODE = wholemodule;
			};
			name = Release;
		};
		226BD9B52EFB396600561D39 /* Debug */ = {
			isa = XCBuildConfiguration;
			buildSettings = {
				ASSETCATALOG_COMPILER_APPICON_NAME = AppIcon;
				ASSETCATALOG_COMPILER_GLOBAL_ACCENT_COLOR_NAME = AccentColor;
				CODE_SIGN_STYLE = Automatic;
				COMBINE_HIDPI_IMAGES = YES;
				CURRENT_PROJECT_VERSION = 1;
				DEVELOPMENT_TEAM = 25A599G46B;
				ENABLE_APP_SANDBOX = YES;
				ENABLE_HARDENED_RUNTIME = YES;
				ENABLE_INCOMING_NETWORK_CONNECTIONS = YES;
				ENABLE_OUTGOING_NETWORK_CONNECTIONS = YES;
				ENABLE_PREVIEWS = YES;
				ENABLE_RESOURCE_ACCESS_AUDIO_INPUT = NO;
				ENABLE_RESOURCE_ACCESS_BLUETOOTH = NO;
				ENABLE_RESOURCE_ACCESS_CALENDARS = NO;
				ENABLE_RESOURCE_ACCESS_CAMERA = NO;
				ENABLE_RESOURCE_ACCESS_CONTACTS = NO;
				ENABLE_RESOURCE_ACCESS_LOCATION = NO;
				ENABLE_RESOURCE_ACCESS_PRINTING = NO;
				ENABLE_RESOURCE_ACCESS_USB = NO;
				ENABLE_USER_SELECTED_FILES = readonly;
				GENERATE_INFOPLIST_FILE = YES;
				INFOPLIST_KEY_NSHumanReadableCopyright = "";
				LD_RUNPATH_SEARCH_PATHS = (
					"$(inherited)",
					"@executable_path/../Frameworks",
				);
				MARKETING_VERSION = 1.0;
				PRODUCT_BUNDLE_IDENTIFIER = tim.ElixChat;
				PRODUCT_NAME = "$(TARGET_NAME)";
				REGISTER_APP_GROUPS = YES;
				STRING_CATALOG_GENERATE_SYMBOLS = YES;
				SWIFT_APPROACHABLE_CONCURRENCY = YES;
				SWIFT_DEFAULT_ACTOR_ISOLATION = MainActor;
				SWIFT_EMIT_LOC_STRINGS = YES;
				SWIFT_UPCOMING_FEATURE_MEMBER_IMPORT_VISIBILITY = YES;
				SWIFT_VERSION = 5.0;
			};
			name = Debug;
		};
		226BD9B62EFB396600561D39 /* Release */ = {
			isa = XCBuildConfiguration;
			buildSettings = {
				ASSETCATALOG_COMPILER_APPICON_NAME = AppIcon;
				ASSETCATALOG_COMPILER_GLOBAL_ACCENT_COLOR_NAME = AccentColor;
				CODE_SIGN_STYLE = Automatic;
				COMBINE_HIDPI_IMAGES = YES;
				CURRENT_PROJECT_VERSION = 1;
				DEVELOPMENT_TEAM = 25A599G46B;
				ENABLE_APP_SANDBOX = YES;
				ENABLE_HARDENED_RUNTIME = YES;
				ENABLE_INCOMING_NETWORK_CONNECTIONS = YES;
				ENABLE_OUTGOING_NETWORK_CONNECTIONS = YES;
				ENABLE_PREVIEWS = YES;
				ENABLE_RESOURCE_ACCESS_AUDIO_INPUT = NO;
				ENABLE_RESOURCE_ACCESS_BLUETOOTH = NO;
				ENABLE_RESOURCE_ACCESS_CALENDARS = NO;
				ENABLE_RESOURCE_ACCESS_CAMERA = NO;
				ENABLE_RESOURCE_ACCESS_CONTACTS = NO;
				ENABLE_RESOURCE_ACCESS_LOCATION = NO;
				ENABLE_RESOURCE_ACCESS_PRINTING = NO;
				ENABLE_RESOURCE_ACCESS_USB = NO;
				ENABLE_USER_SELECTED_FILES = readonly;
				GENERATE_INFOPLIST_FILE = YES;
				INFOPLIST_KEY_NSHumanReadableCopyright = "";
				LD_RUNPATH_SEARCH_PATHS = (
					"$(inherited)",
					"@executable_path/../Frameworks",
				);
				MARKETING_VERSION = 1.0;
				PRODUCT_BUNDLE_IDENTIFIER = tim.ElixChat;
				PRODUCT_NAME = "$(TARGET_NAME)";
				REGISTER_APP_GROUPS = YES;
				STRING_CATALOG_GENERATE_SYMBOLS = YES;
				SWIFT_APPROACHABLE_CONCURRENCY = YES;
				SWIFT_DEFAULT_ACTOR_ISOLATION = MainActor;
				SWIFT_EMIT_LOC_STRINGS = YES;
				SWIFT_UPCOMING_FEATURE_MEMBER_IMPORT_VISIBILITY = YES;
				SWIFT_VERSION = 5.0;
			};
			name = Release;
		};
		226BD9B82EFB396600561D39 /* Debug */ = {
			isa = XCBuildConfiguration;
			buildSettings = {
				BUNDLE_LOADER = "$(TEST_HOST)";
				CODE_SIGN_STYLE = Automatic;
				CURRENT_PROJECT_VERSION = 1;
				DEVELOPMENT_TEAM = 25A599G46B;
				GENERATE_INFOPLIST_FILE = YES;
				MACOSX_DEPLOYMENT_TARGET = 26.2;
				MARKETING_VERSION = 1.0;
				PRODUCT_BUNDLE_IDENTIFIER = tim.ElixChatTests;
				PRODUCT_NAME = "$(TARGET_NAME)";
				STRING_CATALOG_GENERATE_SYMBOLS = NO;
				SWIFT_APPROACHABLE_CONCURRENCY = YES;
				SWIFT_EMIT_LOC_STRINGS = NO;
				SWIFT_UPCOMING_FEATURE_MEMBER_IMPORT_VISIBILITY = YES;
				SWIFT_VERSION = 5.0;
				TEST_HOST = "$(BUILT_PRODUCTS_DIR)/ElixChat.app/$(BUNDLE_EXECUTABLE_FOLDER_PATH)/ElixChat";
			};
			name = Debug;
		};
		226BD9B92EFB396600561D39 /* Release */ = {
			isa = XCBuildConfiguration;
			buildSettings = {
				BUNDLE_LOADER = "$(TEST_HOST)";
				CODE_SIGN_STYLE = Automatic;
				CURRENT_PROJECT_VERSION = 1;
				DEVELOPMENT_TEAM = 25A599G46B;
				GENERATE_INFOPLIST_FILE = YES;
				MACOSX_DEPLOYMENT_TARGET = 26.2;
				MARKETING_VERSION = 1.0;
				PRODUCT_BUNDLE_IDENTIFIER = tim.ElixChatTests;
				PRODUCT_NAME = "$(TARGET_NAME)";
				STRING_CATALOG_GENERATE_SYMBOLS = NO;
				SWIFT_APPROACHABLE_CONCURRENCY = YES;
				SWIFT_EMIT_LOC_STRINGS = NO;
				SWIFT_UPCOMING_FEATURE_MEMBER_IMPORT_VISIBILITY = YES;
				SWIFT_VERSION = 5.0;
				TEST_HOST = "$(BUILT_PRODUCTS_DIR)/ElixChat.app/$(BUNDLE_EXECUTABLE_FOLDER_PATH)/ElixChat";
			};
			name = Release;
		};
		226BD9BB2EFB396600561D39 /* Debug */ = {
			isa = XCBuildConfiguration;
			buildSettings = {
				CODE_SIGN_STYLE = Automatic;
				CURRENT_PROJECT_VERSION = 1;
				DEVELOPMENT_TEAM = 25A599G46B;
				GENERATE_INFOPLIST_FILE = YES;
				MARKETING_VERSION = 1.0;
				PRODUCT_BUNDLE_IDENTIFIER = tim.ElixChatUITests;
				PRODUCT_NAME = "$(TARGET_NAME)";
				STRING_CATALOG_GENERATE_SYMBOLS = NO;
				SWIFT_APPROACHABLE_CONCURRENCY = YES;
				SWIFT_EMIT_LOC_STRINGS = NO;
				SWIFT_UPCOMING_FEATURE_MEMBER_IMPORT_VISIBILITY = YES;
				SWIFT_VERSION = 5.0;
				TEST_TARGET_NAME = ElixChat;
			};
			name = Debug;
		};
		226BD9BC2EFB396600561D39 /* Release */ = {
			isa = XCBuildConfiguration;
			buildSettings = {
				CODE_SIGN_STYLE = Automatic;
				CURRENT_PROJECT_VERSION = 1;
				DEVELOPMENT_TEAM = 25A599G46B;
				GENERATE_INFOPLIST_FILE = YES;
				MARKETING_VERSION = 1.0;
				PRODUCT_BUNDLE_IDENTIFIER = tim.ElixChatUITests;
				PRODUCT_NAME = "$(TARGET_NAME)";
				STRING_CATALOG_GENERATE_SYMBOLS = NO;
				SWIFT_APPROACHABLE_CONCURRENCY = YES;
				SWIFT_EMIT_LOC_STRINGS = NO;
				SWIFT_UPCOMING_FEATURE_MEMBER_IMPORT_VISIBILITY = YES;
				SWIFT_VERSION = 5.0;
				TEST_TARGET_NAME = ElixChat;
			};
			name = Release;
		};
/* End XCBuildConfiguration section */

/* Begin XCConfigurationList section */
		226BD98E2EFB396500561D39 /* Build configuration list for PBXProject "ElixChat" */ = {
			isa = XCConfigurationList;
			buildConfigurations = (
				226BD9B22EFB396600561D39 /* Debug */,
				226BD9B32EFB396600561D39 /* Release */,
			);
			defaultConfigurationIsVisible = 0;
			defaultConfigurationName = Release;
		};
		226BD9B42EFB396600561D39 /* Build configuration list for PBXNativeTarget "ElixChat" */ = {
			isa = XCConfigurationList;
			buildConfigurations = (
				226BD9B52EFB396600561D39 /* Debug */,
				226BD9B62EFB396600561D39 /* Release */,
			);
			defaultConfigurationIsVisible = 0;
			defaultConfigurationName = Release;
		};
		226BD9B72EFB396600561D39 /* Build configuration list for PBXNativeTarget "ElixChatTests" */ = {
			isa = XCConfigurationList;
			buildConfigurations = (
				226BD9B82EFB396600561D39 /* Debug */,
				226BD9B92EFB396600561D39 /* Release */,
			);
			defaultConfigurationIsVisible = 0;
			defaultConfigurationName = Release;
		};
		226BD9BA2EFB396600561D39 /* Build configuration list for PBXNativeTarget "ElixChatUITests" */ = {
			isa = XCConfigurationList;
			buildConfigurations = (
				226BD9BB2EFB396600561D39 /* Debug */,
				226BD9BC2EFB396600561D39 /* Release */,
			);
			defaultConfigurationIsVisible = 0;
			defaultConfigurationName = Release;
		};
/* End XCConfigurationList section */

/* Begin XCRemoteSwiftPackageReference section */
		226BD9BD2EFB3A8D00561D39 /* XCRemoteSwiftPackageReference "o10r-assistant-local-agent" */ = {
			isa = XCRemoteSwiftPackageReference;
			repositoryURL = "git@github.com:MacPaw/o10r-assistant-local-agent.git";
			requirement = {
				branch = "feat/ma-custom-filename";
				kind = branch;
			};
		};
/* End XCRemoteSwiftPackageReference section */

/* Begin XCSwiftPackageProductDependency section */
		226BD9BE2EFB3A8D00561D39 /* EneyLocal */ = {
			isa = XCSwiftPackageProductDependency;
			package = 226BD9BD2EFB3A8D00561D39 /* XCRemoteSwiftPackageReference "o10r-assistant-local-agent" */;
			productName = EneyLocal;
		};
		226BD9C02EFB3A8D00561D39 /* EneyLocalDebug */ = {
			isa = XCSwiftPackageProductDependency;
			package = 226BD9BD2EFB3A8D00561D39 /* XCRemoteSwiftPackageReference "o10r-assistant-local-agent" */;
			productName = EneyLocalDebug;
		};
/* End XCSwiftPackageProductDependency section */
	};
	rootObject = 226BD98B2EFB396500561D39 /* Project object */;
}
